// !$*UTF8*$!
{
	archiveVersion = 1;
	classes = {
	};
	objectVersion = 56;
	objects = {

/* Begin PBXBuildFile section */
		AF240C772B2BCA900012AB3A /* MylesRun.swift in Sources */ = {isa = PBXBuildFile; fileRef = AF240C762B2BCA900012AB3A /* MylesRun.swift */; };
		AF243B542B28802D00608E1C /* Colors.xcassets in Resources */ = {isa = PBXBuildFile; fileRef = AF243B532B28802D00608E1C /* Colors.xcassets */; };
		AF243B562B2919AF00608E1C /* HealthManager.swift in Sources */ = {isa = PBXBuildFile; fileRef = AF243B552B2919AF00608E1C /* HealthManager.swift */; };
		AF243B592B2932E300608E1C /* ActivityView.swift in Sources */ = {isa = PBXBuildFile; fileRef = AF243B582B2932E300608E1C /* ActivityView.swift */; };
		AF243B5C2B29361200608E1C /* SplashView.swift in Sources */ = {isa = PBXBuildFile; fileRef = AF243B5B2B29361200608E1C /* SplashView.swift */; };
		AF243B5F2B29374100608E1C /* OnboardingView.swift in Sources */ = {isa = PBXBuildFile; fileRef = AF243B5E2B29374100608E1C /* OnboardingView.swift */; };
		AF2BC9D22B32212F009AC760 /* EmptyActivityView.swift in Sources */ = {isa = PBXBuildFile; fileRef = AF2BC9D12B32212F009AC760 /* EmptyActivityView.swift */; };
		AF2BC9D42B32215C009AC760 /* StreakView.swift in Sources */ = {isa = PBXBuildFile; fileRef = AF2BC9D32B32215C009AC760 /* StreakView.swift */; };
		AF3677382B35E20800AA4169 /* MylesMarqueeText.swift in Sources */ = {isa = PBXBuildFile; fileRef = AF3677372B35E20800AA4169 /* MylesMarqueeText.swift */; };
		AF6E464C2B23A6F4002915DC /* mylesApp.swift in Sources */ = {isa = PBXBuildFile; fileRef = AF6E464B2B23A6F4002915DC /* mylesApp.swift */; };
		AF6E46502B23A6F5002915DC /* Assets.xcassets in Resources */ = {isa = PBXBuildFile; fileRef = AF6E464F2B23A6F5002915DC /* Assets.xcassets */; };
		AF6E46542B23A6F5002915DC /* Preview Assets.xcassets in Resources */ = {isa = PBXBuildFile; fileRef = AF6E46532B23A6F5002915DC /* Preview Assets.xcassets */; };
		AF6E46642B23A958002915DC /* TabView.swift in Sources */ = {isa = PBXBuildFile; fileRef = AF6E46632B23A958002915DC /* TabView.swift */; };
		AF6E46662B23A965002915DC /* TabViewModel.swift in Sources */ = {isa = PBXBuildFile; fileRef = AF6E46652B23A965002915DC /* TabViewModel.swift */; };
		AF6E46682B23A989002915DC /* SettingsView.swift in Sources */ = {isa = PBXBuildFile; fileRef = AF6E46672B23A989002915DC /* SettingsView.swift */; };
		AF6E466A2B23A9E1002915DC /* ThemeManager.swift in Sources */ = {isa = PBXBuildFile; fileRef = AF6E46692B23A9E1002915DC /* ThemeManager.swift */; };
		AF6E466C2B23A9FE002915DC /* Logger.swift in Sources */ = {isa = PBXBuildFile; fileRef = AF6E466B2B23A9FE002915DC /* Logger.swift */; };
		AF6E466E2B23AAC2002915DC /* FoundationExtensions.swift in Sources */ = {isa = PBXBuildFile; fileRef = AF6E466D2B23AAC2002915DC /* FoundationExtensions.swift */; };
		AF6E46702B23AAD9002915DC /* UIKitExtensions.swift in Sources */ = {isa = PBXBuildFile; fileRef = AF6E466F2B23AAD9002915DC /* UIKitExtensions.swift */; };
		AF6E46722B23AAF6002915DC /* SwiftUIExtensions.swift in Sources */ = {isa = PBXBuildFile; fileRef = AF6E46712B23AAF6002915DC /* SwiftUIExtensions.swift */; };
		AF6E46782B287B69002915DC /* LaunchView.storyboard in Resources */ = {isa = PBXBuildFile; fileRef = AF6E46772B287B69002915DC /* LaunchView.storyboard */; };
		AF6E467D2B287DE2002915DC /* LeagueSpartan-VariableFont_wght.ttf in Resources */ = {isa = PBXBuildFile; fileRef = AF6E467B2B287DE2002915DC /* LeagueSpartan-VariableFont_wght.ttf */; };
		AF6E467E2B287DE2002915DC /* norwester.otf in Resources */ = {isa = PBXBuildFile; fileRef = AF6E467C2B287DE2002915DC /* norwester.otf */; };
		AF8AC43D2B532281005711CF /* MetricsView.swift in Sources */ = {isa = PBXBuildFile; fileRef = AF8AC43C2B532281005711CF /* MetricsView.swift */; };
		AFB0E5162B3CD0CB00E56706 /* ShoeManager.swift in Sources */ = {isa = PBXBuildFile; fileRef = AFB0E5152B3CD0CB00E56706 /* ShoeManager.swift */; };
		AFB0E51A2B3D958400E56706 /* HealthManager+Metrics.swift in Sources */ = {isa = PBXBuildFile; fileRef = AFB0E5192B3D958400E56706 /* HealthManager+Metrics.swift */; };
		AFC1D9902B2DCBDC00ED1114 /* MapView.swift in Sources */ = {isa = PBXBuildFile; fileRef = AFC1D98F2B2DCBDC00ED1114 /* MapView.swift */; };
		AFC1D9922B3097FB00ED1114 /* MapViewModel.swift in Sources */ = {isa = PBXBuildFile; fileRef = AFC1D9912B3097FB00ED1114 /* MapViewModel.swift */; };
		AFC1D9942B30B19700ED1114 /* RecapViews.swift in Sources */ = {isa = PBXBuildFile; fileRef = AFC1D9932B30B19700ED1114 /* RecapViews.swift */; };
		AFC5557C2B40355600D98729 /* ShoePickerView.swift in Sources */ = {isa = PBXBuildFile; fileRef = AFC5557B2B40355600D98729 /* ShoePickerView.swift */; };
		AFC5557E2B42CAF200D98729 /* MylesShoe.swift in Sources */ = {isa = PBXBuildFile; fileRef = AFC5557D2B42CAF200D98729 /* MylesShoe.swift */; };
		AFC555802B430F9700D98729 /* ShoesSettingsView.swift in Sources */ = {isa = PBXBuildFile; fileRef = AFC5557F2B430F9700D98729 /* ShoesSettingsView.swift */; };
		AFC555842B442EAB00D98729 /* ShoeSettingsEditView.swift in Sources */ = {isa = PBXBuildFile; fileRef = AFC555832B442EAB00D98729 /* ShoeSettingsEditView.swift */; };
		AFE55EEB2B31B695009E4778 /* MylesButtonStyle.swift in Sources */ = {isa = PBXBuildFile; fileRef = AFE55EEA2B31B695009E4778 /* MylesButtonStyle.swift */; };
		AFE55EED2B31B6B6009E4778 /* MylesIconLabel.swift in Sources */ = {isa = PBXBuildFile; fileRef = AFE55EEC2B31B6B6009E4778 /* MylesIconLabel.swift */; };
		AFFAD38E2B345E4E00A606B1 /* RecapViewModel.swift in Sources */ = {isa = PBXBuildFile; fileRef = AFFAD38D2B345E4E00A606B1 /* RecapViewModel.swift */; };
		AFFAD3902B345F2700A606B1 /* HeartView.swift in Sources */ = {isa = PBXBuildFile; fileRef = AFFAD38F2B345F2700A606B1 /* HeartView.swift */; };
/* End PBXBuildFile section */

/* Begin PBXFileReference section */
		AF240C762B2BCA900012AB3A /* MylesRun.swift */ = {isa = PBXFileReference; lastKnownFileType = sourcecode.swift; path = MylesRun.swift; sourceTree = "<group>"; };
		AF243B532B28802D00608E1C /* Colors.xcassets */ = {isa = PBXFileReference; lastKnownFileType = folder.assetcatalog; path = Colors.xcassets; sourceTree = "<group>"; };
		AF243B552B2919AF00608E1C /* HealthManager.swift */ = {isa = PBXFileReference; lastKnownFileType = sourcecode.swift; path = HealthManager.swift; sourceTree = "<group>"; };
		AF243B582B2932E300608E1C /* ActivityView.swift */ = {isa = PBXFileReference; lastKnownFileType = sourcecode.swift; path = ActivityView.swift; sourceTree = "<group>"; };
		AF243B5B2B29361200608E1C /* SplashView.swift */ = {isa = PBXFileReference; lastKnownFileType = sourcecode.swift; path = SplashView.swift; sourceTree = "<group>"; };
		AF243B5E2B29374100608E1C /* OnboardingView.swift */ = {isa = PBXFileReference; lastKnownFileType = sourcecode.swift; path = OnboardingView.swift; sourceTree = "<group>"; };
		AF2BC9D12B32212F009AC760 /* EmptyActivityView.swift */ = {isa = PBXFileReference; lastKnownFileType = sourcecode.swift; path = EmptyActivityView.swift; sourceTree = "<group>"; };
		AF2BC9D32B32215C009AC760 /* StreakView.swift */ = {isa = PBXFileReference; lastKnownFileType = sourcecode.swift; path = StreakView.swift; sourceTree = "<group>"; };
		AF3677372B35E20800AA4169 /* MylesMarqueeText.swift */ = {isa = PBXFileReference; lastKnownFileType = sourcecode.swift; path = MylesMarqueeText.swift; sourceTree = "<group>"; };
		AF6E46482B23A6F4002915DC /* myles.app */ = {isa = PBXFileReference; explicitFileType = wrapper.application; includeInIndex = 0; path = myles.app; sourceTree = BUILT_PRODUCTS_DIR; };
		AF6E464B2B23A6F4002915DC /* mylesApp.swift */ = {isa = PBXFileReference; lastKnownFileType = sourcecode.swift; path = mylesApp.swift; sourceTree = "<group>"; };
		AF6E464F2B23A6F5002915DC /* Assets.xcassets */ = {isa = PBXFileReference; lastKnownFileType = folder.assetcatalog; path = Assets.xcassets; sourceTree = "<group>"; };
		AF6E46512B23A6F5002915DC /* myles.entitlements */ = {isa = PBXFileReference; lastKnownFileType = text.plist.entitlements; path = myles.entitlements; sourceTree = "<group>"; };
		AF6E46532B23A6F5002915DC /* Preview Assets.xcassets */ = {isa = PBXFileReference; lastKnownFileType = folder.assetcatalog; path = "Preview Assets.xcassets"; sourceTree = "<group>"; };
		AF6E46632B23A958002915DC /* TabView.swift */ = {isa = PBXFileReference; lastKnownFileType = sourcecode.swift; path = TabView.swift; sourceTree = "<group>"; };
		AF6E46652B23A965002915DC /* TabViewModel.swift */ = {isa = PBXFileReference; lastKnownFileType = sourcecode.swift; path = TabViewModel.swift; sourceTree = "<group>"; };
		AF6E46672B23A989002915DC /* SettingsView.swift */ = {isa = PBXFileReference; lastKnownFileType = sourcecode.swift; path = SettingsView.swift; sourceTree = "<group>"; };
		AF6E46692B23A9E1002915DC /* ThemeManager.swift */ = {isa = PBXFileReference; lastKnownFileType = sourcecode.swift; path = ThemeManager.swift; sourceTree = "<group>"; };
		AF6E466B2B23A9FE002915DC /* Logger.swift */ = {isa = PBXFileReference; lastKnownFileType = sourcecode.swift; path = Logger.swift; sourceTree = "<group>"; };
		AF6E466D2B23AAC2002915DC /* FoundationExtensions.swift */ = {isa = PBXFileReference; lastKnownFileType = sourcecode.swift; path = FoundationExtensions.swift; sourceTree = "<group>"; };
		AF6E466F2B23AAD9002915DC /* UIKitExtensions.swift */ = {isa = PBXFileReference; lastKnownFileType = sourcecode.swift; path = UIKitExtensions.swift; sourceTree = "<group>"; };
		AF6E46712B23AAF6002915DC /* SwiftUIExtensions.swift */ = {isa = PBXFileReference; lastKnownFileType = sourcecode.swift; path = SwiftUIExtensions.swift; sourceTree = "<group>"; };
		AF6E46742B287ACB002915DC /* Info.plist */ = {isa = PBXFileReference; lastKnownFileType = text.plist.xml; path = Info.plist; sourceTree = "<group>"; };
		AF6E46772B287B69002915DC /* LaunchView.storyboard */ = {isa = PBXFileReference; lastKnownFileType = file.storyboard; path = LaunchView.storyboard; sourceTree = "<group>"; };
		AF6E467B2B287DE2002915DC /* LeagueSpartan-VariableFont_wght.ttf */ = {isa = PBXFileReference; lastKnownFileType = file; path = "LeagueSpartan-VariableFont_wght.ttf"; sourceTree = "<group>"; };
		AF6E467C2B287DE2002915DC /* norwester.otf */ = {isa = PBXFileReference; lastKnownFileType = file; path = norwester.otf; sourceTree = "<group>"; };
		AF8AC43C2B532281005711CF /* MetricsView.swift */ = {isa = PBXFileReference; lastKnownFileType = sourcecode.swift; path = MetricsView.swift; sourceTree = "<group>"; };
		AFB0E5152B3CD0CB00E56706 /* ShoeManager.swift */ = {isa = PBXFileReference; lastKnownFileType = sourcecode.swift; path = ShoeManager.swift; sourceTree = "<group>"; };
		AFB0E5192B3D958400E56706 /* HealthManager+Metrics.swift */ = {isa = PBXFileReference; lastKnownFileType = sourcecode.swift; path = "HealthManager+Metrics.swift"; sourceTree = "<group>"; };
		AFC1D98F2B2DCBDC00ED1114 /* MapView.swift */ = {isa = PBXFileReference; lastKnownFileType = sourcecode.swift; path = MapView.swift; sourceTree = "<group>"; };
		AFC1D9912B3097FB00ED1114 /* MapViewModel.swift */ = {isa = PBXFileReference; lastKnownFileType = sourcecode.swift; path = MapViewModel.swift; sourceTree = "<group>"; };
		AFC1D9932B30B19700ED1114 /* RecapViews.swift */ = {isa = PBXFileReference; lastKnownFileType = sourcecode.swift; path = RecapViews.swift; sourceTree = "<group>"; };
		AFC5557B2B40355600D98729 /* ShoePickerView.swift */ = {isa = PBXFileReference; lastKnownFileType = sourcecode.swift; path = ShoePickerView.swift; sourceTree = "<group>"; };
		AFC5557D2B42CAF200D98729 /* MylesShoe.swift */ = {isa = PBXFileReference; lastKnownFileType = sourcecode.swift; path = MylesShoe.swift; sourceTree = "<group>"; };
		AFC5557F2B430F9700D98729 /* ShoesSettingsView.swift */ = {isa = PBXFileReference; lastKnownFileType = sourcecode.swift; path = ShoesSettingsView.swift; sourceTree = "<group>"; };
		AFC555832B442EAB00D98729 /* ShoeSettingsEditView.swift */ = {isa = PBXFileReference; lastKnownFileType = sourcecode.swift; path = ShoeSettingsEditView.swift; sourceTree = "<group>"; };
		AFE55EEA2B31B695009E4778 /* MylesButtonStyle.swift */ = {isa = PBXFileReference; lastKnownFileType = sourcecode.swift; path = MylesButtonStyle.swift; sourceTree = "<group>"; };
		AFE55EEC2B31B6B6009E4778 /* MylesIconLabel.swift */ = {isa = PBXFileReference; lastKnownFileType = sourcecode.swift; path = MylesIconLabel.swift; sourceTree = "<group>"; };
		AFFAD38D2B345E4E00A606B1 /* RecapViewModel.swift */ = {isa = PBXFileReference; lastKnownFileType = sourcecode.swift; path = RecapViewModel.swift; sourceTree = "<group>"; };
		AFFAD38F2B345F2700A606B1 /* HeartView.swift */ = {isa = PBXFileReference; lastKnownFileType = sourcecode.swift; path = HeartView.swift; sourceTree = "<group>"; };
/* End PBXFileReference section */

/* Begin PBXFrameworksBuildPhase section */
		AF6E46452B23A6F4002915DC /* Frameworks */ = {
			isa = PBXFrameworksBuildPhase;
			buildActionMask = 2147483647;
			files = (
			);
			runOnlyForDeploymentPostprocessing = 0;
		};
/* End PBXFrameworksBuildPhase section */

/* Begin PBXGroup section */
		AF243B572B2932CE00608E1C /* Activity */ = {
			isa = PBXGroup;
			children = (
				AF243B582B2932E300608E1C /* ActivityView.swift */,
				AF2BC9D12B32212F009AC760 /* EmptyActivityView.swift */,
				AFC1D98F2B2DCBDC00ED1114 /* MapView.swift */,
				AFC1D9912B3097FB00ED1114 /* MapViewModel.swift */,
				AFC1D9932B30B19700ED1114 /* RecapViews.swift */,
				AFFAD38D2B345E4E00A606B1 /* RecapViewModel.swift */,
				AF2BC9D32B32215C009AC760 /* StreakView.swift */,
				AFC5557B2B40355600D98729 /* ShoePickerView.swift */,
			);
			path = Activity;
			sourceTree = "<group>";
		};
		AF243B5A2B2935FF00608E1C /* Splash */ = {
			isa = PBXGroup;
			children = (
				AF243B5B2B29361200608E1C /* SplashView.swift */,
			);
			path = Splash;
			sourceTree = "<group>";
		};
		AF243B5D2B29373100608E1C /* Onboarding */ = {
			isa = PBXGroup;
			children = (
				AF243B5E2B29374100608E1C /* OnboardingView.swift */,
			);
			path = Onboarding;
			sourceTree = "<group>";
		};
		AF6E463F2B23A6F4002915DC = {
			isa = PBXGroup;
			children = (
				AF6E464A2B23A6F4002915DC /* myles */,
				AF6E46492B23A6F4002915DC /* Products */,
			);
			sourceTree = "<group>";
		};
		AF6E46492B23A6F4002915DC /* Products */ = {
			isa = PBXGroup;
			children = (
				AF6E46482B23A6F4002915DC /* myles.app */,
			);
			name = Products;
			sourceTree = "<group>";
		};
		AF6E464A2B23A6F4002915DC /* myles */ = {
			isa = PBXGroup;
			children = (
				AF6E464B2B23A6F4002915DC /* mylesApp.swift */,
				AF6E465A2B23A87F002915DC /* Views */,
				AF6E46612B23A8DF002915DC /* Models */,
				AF6E46622B23A8F6002915DC /* Services */,
				AF6E465E2B23A8B4002915DC /* Utilities */,
				AF6E465D2B23A8A0002915DC /* Resources */,
				AF6E46522B23A6F5002915DC /* Preview Content */,
			);
			path = myles;
			sourceTree = "<group>";
		};
		AF6E46522B23A6F5002915DC /* Preview Content */ = {
			isa = PBXGroup;
			children = (
				AF6E46532B23A6F5002915DC /* Preview Assets.xcassets */,
			);
			path = "Preview Content";
			sourceTree = "<group>";
		};
		AF6E465A2B23A87F002915DC /* Views */ = {
			isa = PBXGroup;
			children = (
				AF6E46632B23A958002915DC /* TabView.swift */,
				AF6E46652B23A965002915DC /* TabViewModel.swift */,
				AF6E465B2B23A88D002915DC /* Screens */,
				AFE55EE92B31B679009E4778 /* Shared */,
			);
			path = Views;
			sourceTree = "<group>";
		};
		AF6E465B2B23A88D002915DC /* Screens */ = {
			isa = PBXGroup;
			children = (
				AF243B5A2B2935FF00608E1C /* Splash */,
				AF243B5D2B29373100608E1C /* Onboarding */,
				AF243B572B2932CE00608E1C /* Activity */,
				AF8AC43B2B532264005711CF /* Metrics */,
				AF6E465C2B23A895002915DC /* Settings */,
			);
			path = Screens;
			sourceTree = "<group>";
		};
		AF6E465C2B23A895002915DC /* Settings */ = {
			isa = PBXGroup;
			children = (
				AF6E46672B23A989002915DC /* SettingsView.swift */,
				AFC5557F2B430F9700D98729 /* ShoesSettingsView.swift */,
				AFC555832B442EAB00D98729 /* ShoeSettingsEditView.swift */,
			);
			path = Settings;
			sourceTree = "<group>";
		};
		AF6E465D2B23A8A0002915DC /* Resources */ = {
			isa = PBXGroup;
			children = (
				AF6E46772B287B69002915DC /* LaunchView.storyboard */,
				AF6E46742B287ACB002915DC /* Info.plist */,
				AF6E464F2B23A6F5002915DC /* Assets.xcassets */,
				AF243B532B28802D00608E1C /* Colors.xcassets */,
				AF6E46512B23A6F5002915DC /* myles.entitlements */,
				AF6E46732B287A91002915DC /* Fonts */,
			);
			path = Resources;
			sourceTree = "<group>";
		};
		AF6E465E2B23A8B4002915DC /* Utilities */ = {
			isa = PBXGroup;
			children = (
				AF6E466B2B23A9FE002915DC /* Logger.swift */,
				AF6E465F2B23A8C5002915DC /* Extensions */,
			);
			path = Utilities;
			sourceTree = "<group>";
		};
		AF6E465F2B23A8C5002915DC /* Extensions */ = {
			isa = PBXGroup;
			children = (
				AF6E466D2B23AAC2002915DC /* FoundationExtensions.swift */,
				AF6E466F2B23AAD9002915DC /* UIKitExtensions.swift */,
				AF6E46712B23AAF6002915DC /* SwiftUIExtensions.swift */,
			);
			path = Extensions;
			sourceTree = "<group>";
		};
		AF6E46612B23A8DF002915DC /* Models */ = {
			isa = PBXGroup;
			children = (
				AF240C762B2BCA900012AB3A /* MylesRun.swift */,
				AFC5557D2B42CAF200D98729 /* MylesShoe.swift */,
			);
			path = Models;
			sourceTree = "<group>";
		};
		AF6E46622B23A8F6002915DC /* Services */ = {
			isa = PBXGroup;
			children = (
				AF6E46692B23A9E1002915DC /* ThemeManager.swift */,
				AF243B552B2919AF00608E1C /* HealthManager.swift */,
				AFB0E5192B3D958400E56706 /* HealthManager+Metrics.swift */,
				AFB0E5152B3CD0CB00E56706 /* ShoeManager.swift */,
			);
			path = Services;
			sourceTree = "<group>";
		};
		AF6E46732B287A91002915DC /* Fonts */ = {
			isa = PBXGroup;
			children = (
				AF6E467B2B287DE2002915DC /* LeagueSpartan-VariableFont_wght.ttf */,
				AF6E467C2B287DE2002915DC /* norwester.otf */,
			);
			path = Fonts;
			sourceTree = "<group>";
		};
		AF8AC43B2B532264005711CF /* Metrics */ = {
			isa = PBXGroup;
			children = (
				AF8AC43C2B532281005711CF /* MetricsView.swift */,
			);
			path = Metrics;
			sourceTree = "<group>";
		};
		AFE55EE92B31B679009E4778 /* Shared */ = {
			isa = PBXGroup;
			children = (
				AFE55EEA2B31B695009E4778 /* MylesButtonStyle.swift */,
				AFE55EEC2B31B6B6009E4778 /* MylesIconLabel.swift */,
				AF3677372B35E20800AA4169 /* MylesMarqueeText.swift */,
				AFFAD38F2B345F2700A606B1 /* HeartView.swift */,
			);
			path = Shared;
			sourceTree = "<group>";
		};
/* End PBXGroup section */

/* Begin PBXNativeTarget section */
		AF6E46472B23A6F4002915DC /* myles */ = {
			isa = PBXNativeTarget;
			buildConfigurationList = AF6E46572B23A6F5002915DC /* Build configuration list for PBXNativeTarget "myles" */;
			buildPhases = (
				AF6E46442B23A6F4002915DC /* Sources */,
				AF6E46452B23A6F4002915DC /* Frameworks */,
				AF6E46462B23A6F4002915DC /* Resources */,
			);
			buildRules = (
			);
			dependencies = (
			);
			name = myles;
			productName = myles;
			productReference = AF6E46482B23A6F4002915DC /* myles.app */;
			productType = "com.apple.product-type.application";
		};
/* End PBXNativeTarget section */

/* Begin PBXProject section */
		AF6E46402B23A6F4002915DC /* Project object */ = {
			isa = PBXProject;
			attributes = {
				BuildIndependentTargetsInParallel = 1;
				LastSwiftUpdateCheck = 1500;
				LastUpgradeCheck = 1500;
				TargetAttributes = {
					AF6E46472B23A6F4002915DC = {
						CreatedOnToolsVersion = 15.0.1;
					};
				};
			};
			buildConfigurationList = AF6E46432B23A6F4002915DC /* Build configuration list for PBXProject "myles" */;
			compatibilityVersion = "Xcode 14.0";
			developmentRegion = en;
			hasScannedForEncodings = 0;
			knownRegions = (
				en,
				Base,
			);
			mainGroup = AF6E463F2B23A6F4002915DC;
			productRefGroup = AF6E46492B23A6F4002915DC /* Products */;
			projectDirPath = "";
			projectRoot = "";
			targets = (
				AF6E46472B23A6F4002915DC /* myles */,
			);
		};
/* End PBXProject section */

/* Begin PBXResourcesBuildPhase section */
		AF6E46462B23A6F4002915DC /* Resources */ = {
			isa = PBXResourcesBuildPhase;
			buildActionMask = 2147483647;
			files = (
				AF6E46542B23A6F5002915DC /* Preview Assets.xcassets in Resources */,
				AF6E46782B287B69002915DC /* LaunchView.storyboard in Resources */,
				AF6E467D2B287DE2002915DC /* LeagueSpartan-VariableFont_wght.ttf in Resources */,
				AF243B542B28802D00608E1C /* Colors.xcassets in Resources */,
				AF6E467E2B287DE2002915DC /* norwester.otf in Resources */,
				AF6E46502B23A6F5002915DC /* Assets.xcassets in Resources */,
			);
			runOnlyForDeploymentPostprocessing = 0;
		};
/* End PBXResourcesBuildPhase section */

/* Begin PBXSourcesBuildPhase section */
		AF6E46442B23A6F4002915DC /* Sources */ = {
			isa = PBXSourcesBuildPhase;
			buildActionMask = 2147483647;
			files = (
				AF240C772B2BCA900012AB3A /* MylesRun.swift in Sources */,
				AFC555842B442EAB00D98729 /* ShoeSettingsEditView.swift in Sources */,
				AF243B592B2932E300608E1C /* ActivityView.swift in Sources */,
				AF6E46682B23A989002915DC /* SettingsView.swift in Sources */,
				AF6E46662B23A965002915DC /* TabViewModel.swift in Sources */,
				AF3677382B35E20800AA4169 /* MylesMarqueeText.swift in Sources */,
				AF2BC9D22B32212F009AC760 /* EmptyActivityView.swift in Sources */,
				AF6E46702B23AAD9002915DC /* UIKitExtensions.swift in Sources */,
				AF6E46642B23A958002915DC /* TabView.swift in Sources */,
				AFC555802B430F9700D98729 /* ShoesSettingsView.swift in Sources */,
				AFB0E51A2B3D958400E56706 /* HealthManager+Metrics.swift in Sources */,
				AFC1D9942B30B19700ED1114 /* RecapViews.swift in Sources */,
				AF8AC43D2B532281005711CF /* MetricsView.swift in Sources */,
				AFFAD3902B345F2700A606B1 /* HeartView.swift in Sources */,
				AFFAD38E2B345E4E00A606B1 /* RecapViewModel.swift in Sources */,
				AF243B5C2B29361200608E1C /* SplashView.swift in Sources */,
				AFC1D9922B3097FB00ED1114 /* MapViewModel.swift in Sources */,
				AFC1D9902B2DCBDC00ED1114 /* MapView.swift in Sources */,
				AFE55EEB2B31B695009E4778 /* MylesButtonStyle.swift in Sources */,
				AF6E46722B23AAF6002915DC /* SwiftUIExtensions.swift in Sources */,
				AF2BC9D42B32215C009AC760 /* StreakView.swift in Sources */,
				AFC5557C2B40355600D98729 /* ShoePickerView.swift in Sources */,
				AF6E466E2B23AAC2002915DC /* FoundationExtensions.swift in Sources */,
				AF6E466C2B23A9FE002915DC /* Logger.swift in Sources */,
				AF6E464C2B23A6F4002915DC /* mylesApp.swift in Sources */,
				AFB0E5162B3CD0CB00E56706 /* ShoeManager.swift in Sources */,
				AFC5557E2B42CAF200D98729 /* MylesShoe.swift in Sources */,
				AF243B562B2919AF00608E1C /* HealthManager.swift in Sources */,
				AF243B5F2B29374100608E1C /* OnboardingView.swift in Sources */,
				AFE55EED2B31B6B6009E4778 /* MylesIconLabel.swift in Sources */,
				AF6E466A2B23A9E1002915DC /* ThemeManager.swift in Sources */,
			);
			runOnlyForDeploymentPostprocessing = 0;
		};
/* End PBXSourcesBuildPhase section */

/* Begin XCBuildConfiguration section */
		AF6E46552B23A6F5002915DC /* Debug */ = {
			isa = XCBuildConfiguration;
			buildSettings = {
				ALWAYS_SEARCH_USER_PATHS = NO;
				ASSETCATALOG_COMPILER_GENERATE_SWIFT_ASSET_SYMBOL_EXTENSIONS = YES;
				CLANG_ANALYZER_NONNULL = YES;
				CLANG_ANALYZER_NUMBER_OBJECT_CONVERSION = YES_AGGRESSIVE;
				CLANG_CXX_LANGUAGE_STANDARD = "gnu++20";
				CLANG_ENABLE_MODULES = YES;
				CLANG_ENABLE_OBJC_ARC = YES;
				CLANG_ENABLE_OBJC_WEAK = YES;
				CLANG_WARN_BLOCK_CAPTURE_AUTORELEASING = YES;
				CLANG_WARN_BOOL_CONVERSION = YES;
				CLANG_WARN_COMMA = YES;
				CLANG_WARN_CONSTANT_CONVERSION = YES;
				CLANG_WARN_DEPRECATED_OBJC_IMPLEMENTATIONS = YES;
				CLANG_WARN_DIRECT_OBJC_ISA_USAGE = YES_ERROR;
				CLANG_WARN_DOCUMENTATION_COMMENTS = YES;
				CLANG_WARN_EMPTY_BODY = YES;
				CLANG_WARN_ENUM_CONVERSION = YES;
				CLANG_WARN_INFINITE_RECURSION = YES;
				CLANG_WARN_INT_CONVERSION = YES;
				CLANG_WARN_NON_LITERAL_NULL_CONVERSION = YES;
				CLANG_WARN_OBJC_IMPLICIT_RETAIN_SELF = YES;
				CLANG_WARN_OBJC_LITERAL_CONVERSION = YES;
				CLANG_WARN_OBJC_ROOT_CLASS = YES_ERROR;
				CLANG_WARN_QUOTED_INCLUDE_IN_FRAMEWORK_HEADER = YES;
				CLANG_WARN_RANGE_LOOP_ANALYSIS = YES;
				CLANG_WARN_STRICT_PROTOTYPES = YES;
				CLANG_WARN_SUSPICIOUS_MOVE = YES;
				CLANG_WARN_UNGUARDED_AVAILABILITY = YES_AGGRESSIVE;
				CLANG_WARN_UNREACHABLE_CODE = YES;
				CLANG_WARN__DUPLICATE_METHOD_MATCH = YES;
				COPY_PHASE_STRIP = NO;
				DEBUG_INFORMATION_FORMAT = dwarf;
				ENABLE_STRICT_OBJC_MSGSEND = YES;
				ENABLE_TESTABILITY = YES;
				ENABLE_USER_SCRIPT_SANDBOXING = YES;
				GCC_C_LANGUAGE_STANDARD = gnu17;
				GCC_DYNAMIC_NO_PIC = NO;
				GCC_NO_COMMON_BLOCKS = YES;
				GCC_OPTIMIZATION_LEVEL = 0;
				GCC_PREPROCESSOR_DEFINITIONS = (
					"DEBUG=1",
					"$(inherited)",
				);
				GCC_WARN_64_TO_32_BIT_CONVERSION = YES;
				GCC_WARN_ABOUT_RETURN_TYPE = YES_ERROR;
				GCC_WARN_UNDECLARED_SELECTOR = YES;
				GCC_WARN_UNINITIALIZED_AUTOS = YES_AGGRESSIVE;
				GCC_WARN_UNUSED_FUNCTION = YES;
				GCC_WARN_UNUSED_VARIABLE = YES;
				LOCALIZATION_PREFERS_STRING_CATALOGS = YES;
				MTL_ENABLE_DEBUG_INFO = INCLUDE_SOURCE;
				MTL_FAST_MATH = YES;
				ONLY_ACTIVE_ARCH = YES;
				SWIFT_ACTIVE_COMPILATION_CONDITIONS = "DEBUG $(inherited)";
				SWIFT_OPTIMIZATION_LEVEL = "-Onone";
			};
			name = Debug;
		};
		AF6E46562B23A6F5002915DC /* Release */ = {
			isa = XCBuildConfiguration;
			buildSettings = {
				ALWAYS_SEARCH_USER_PATHS = NO;
				ASSETCATALOG_COMPILER_GENERATE_SWIFT_ASSET_SYMBOL_EXTENSIONS = YES;
				CLANG_ANALYZER_NONNULL = YES;
				CLANG_ANALYZER_NUMBER_OBJECT_CONVERSION = YES_AGGRESSIVE;
				CLANG_CXX_LANGUAGE_STANDARD = "gnu++20";
				CLANG_ENABLE_MODULES = YES;
				CLANG_ENABLE_OBJC_ARC = YES;
				CLANG_ENABLE_OBJC_WEAK = YES;
				CLANG_WARN_BLOCK_CAPTURE_AUTORELEASING = YES;
				CLANG_WARN_BOOL_CONVERSION = YES;
				CLANG_WARN_COMMA = YES;
				CLANG_WARN_CONSTANT_CONVERSION = YES;
				CLANG_WARN_DEPRECATED_OBJC_IMPLEMENTATIONS = YES;
				CLANG_WARN_DIRECT_OBJC_ISA_USAGE = YES_ERROR;
				CLANG_WARN_DOCUMENTATION_COMMENTS = YES;
				CLANG_WARN_EMPTY_BODY = YES;
				CLANG_WARN_ENUM_CONVERSION = YES;
				CLANG_WARN_INFINITE_RECURSION = YES;
				CLANG_WARN_INT_CONVERSION = YES;
				CLANG_WARN_NON_LITERAL_NULL_CONVERSION = YES;
				CLANG_WARN_OBJC_IMPLICIT_RETAIN_SELF = YES;
				CLANG_WARN_OBJC_LITERAL_CONVERSION = YES;
				CLANG_WARN_OBJC_ROOT_CLASS = YES_ERROR;
				CLANG_WARN_QUOTED_INCLUDE_IN_FRAMEWORK_HEADER = YES;
				CLANG_WARN_RANGE_LOOP_ANALYSIS = YES;
				CLANG_WARN_STRICT_PROTOTYPES = YES;
				CLANG_WARN_SUSPICIOUS_MOVE = YES;
				CLANG_WARN_UNGUARDED_AVAILABILITY = YES_AGGRESSIVE;
				CLANG_WARN_UNREACHABLE_CODE = YES;
				CLANG_WARN__DUPLICATE_METHOD_MATCH = YES;
				COPY_PHASE_STRIP = NO;
				DEBUG_INFORMATION_FORMAT = "dwarf-with-dsym";
				ENABLE_NS_ASSERTIONS = NO;
				ENABLE_STRICT_OBJC_MSGSEND = YES;
				ENABLE_USER_SCRIPT_SANDBOXING = YES;
				GCC_C_LANGUAGE_STANDARD = gnu17;
				GCC_NO_COMMON_BLOCKS = YES;
				GCC_WARN_64_TO_32_BIT_CONVERSION = YES;
				GCC_WARN_ABOUT_RETURN_TYPE = YES_ERROR;
				GCC_WARN_UNDECLARED_SELECTOR = YES;
				GCC_WARN_UNINITIALIZED_AUTOS = YES_AGGRESSIVE;
				GCC_WARN_UNUSED_FUNCTION = YES;
				GCC_WARN_UNUSED_VARIABLE = YES;
				LOCALIZATION_PREFERS_STRING_CATALOGS = YES;
				MTL_ENABLE_DEBUG_INFO = NO;
				MTL_FAST_MATH = YES;
				SWIFT_COMPILATION_MODE = wholemodule;
			};
			name = Release;
		};
		AF6E46582B23A6F5002915DC /* Debug */ = {
			isa = XCBuildConfiguration;
			buildSettings = {
				ASSETCATALOG_COMPILER_APPICON_NAME = AppIcon;
				ASSETCATALOG_COMPILER_GLOBAL_ACCENT_COLOR_NAME = AccentColor;
				CODE_SIGN_ENTITLEMENTS = myles/Resources/myles.entitlements;
				CODE_SIGN_STYLE = Automatic;
				CURRENT_PROJECT_VERSION = 1;
				DEVELOPMENT_ASSET_PATHS = "\"myles/Preview Content\"";
				DEVELOPMENT_TEAM = 3JSTV9NEF8;
				ENABLE_HARDENED_RUNTIME = YES;
				ENABLE_PREVIEWS = YES;
				GENERATE_INFOPLIST_FILE = YES;
				INFOPLIST_FILE = myles/Resources/Info.plist;
				"INFOPLIST_KEY_UIApplicationSceneManifest_Generation[sdk=iphoneos*]" = YES;
				"INFOPLIST_KEY_UIApplicationSceneManifest_Generation[sdk=iphonesimulator*]" = YES;
				"INFOPLIST_KEY_UIApplicationSupportsIndirectInputEvents[sdk=iphoneos*]" = YES;
				"INFOPLIST_KEY_UIApplicationSupportsIndirectInputEvents[sdk=iphonesimulator*]" = YES;
				"INFOPLIST_KEY_UILaunchScreen_Generation[sdk=iphoneos*]" = YES;
				"INFOPLIST_KEY_UILaunchScreen_Generation[sdk=iphonesimulator*]" = YES;
				INFOPLIST_KEY_UILaunchStoryboardName = LaunchView;
				"INFOPLIST_KEY_UIStatusBarStyle[sdk=iphoneos*]" = UIStatusBarStyleDefault;
				"INFOPLIST_KEY_UIStatusBarStyle[sdk=iphonesimulator*]" = UIStatusBarStyleDefault;
				INFOPLIST_KEY_UISupportedInterfaceOrientations_iPad = "UIInterfaceOrientationPortrait UIInterfaceOrientationPortraitUpsideDown UIInterfaceOrientationLandscapeLeft UIInterfaceOrientationLandscapeRight";
				INFOPLIST_KEY_UISupportedInterfaceOrientations_iPhone = "UIInterfaceOrientationPortrait UIInterfaceOrientationLandscapeLeft UIInterfaceOrientationLandscapeRight";
				IPHONEOS_DEPLOYMENT_TARGET = 17.0;
				LD_RUNPATH_SEARCH_PATHS = "@executable_path/Frameworks";
				"LD_RUNPATH_SEARCH_PATHS[sdk=macosx*]" = "@executable_path/../Frameworks";
				MACOSX_DEPLOYMENT_TARGET = 13.5;
				MARKETING_VERSION = 1.0;
				PRODUCT_BUNDLE_IDENTIFIER = com.marfodub.myles;
				PRODUCT_NAME = "$(TARGET_NAME)";
				SDKROOT = auto;
				SUPPORTED_PLATFORMS = "iphoneos iphonesimulator macosx";
				SWIFT_EMIT_LOC_STRINGS = YES;
				SWIFT_VERSION = 5.0;
				TARGETED_DEVICE_FAMILY = "1,2";
			};
			name = Debug;
		};
		AF6E46592B23A6F5002915DC /* Release */ = {
			isa = XCBuildConfiguration;
			buildSettings = {
				ASSETCATALOG_COMPILER_APPICON_NAME = AppIcon;
				ASSETCATALOG_COMPILER_GLOBAL_ACCENT_COLOR_NAME = AccentColor;
				CODE_SIGN_ENTITLEMENTS = myles/Resources/myles.entitlements;
				CODE_SIGN_STYLE = Automatic;
				CURRENT_PROJECT_VERSION = 1;
				DEVELOPMENT_ASSET_PATHS = "\"myles/Preview Content\"";
				DEVELOPMENT_TEAM = 3JSTV9NEF8;
				ENABLE_HARDENED_RUNTIME = YES;
				ENABLE_PREVIEWS = YES;
				GENERATE_INFOPLIST_FILE = YES;
				INFOPLIST_FILE = myles/Resources/Info.plist;
				"INFOPLIST_KEY_UIApplicationSceneManifest_Generation[sdk=iphoneos*]" = YES;
				"INFOPLIST_KEY_UIApplicationSceneManifest_Generation[sdk=iphonesimulator*]" = YES;
				"INFOPLIST_KEY_UIApplicationSupportsIndirectInputEvents[sdk=iphoneos*]" = YES;
				"INFOPLIST_KEY_UIApplicationSupportsIndirectInputEvents[sdk=iphonesimulator*]" = YES;
				"INFOPLIST_KEY_UILaunchScreen_Generation[sdk=iphoneos*]" = YES;
				"INFOPLIST_KEY_UILaunchScreen_Generation[sdk=iphonesimulator*]" = YES;
				INFOPLIST_KEY_UILaunchStoryboardName = LaunchView;
				"INFOPLIST_KEY_UIStatusBarStyle[sdk=iphoneos*]" = UIStatusBarStyleDefault;
				"INFOPLIST_KEY_UIStatusBarStyle[sdk=iphonesimulator*]" = UIStatusBarStyleDefault;
				INFOPLIST_KEY_UISupportedInterfaceOrientations_iPad = "UIInterfaceOrientationPortrait UIInterfaceOrientationPortraitUpsideDown UIInterfaceOrientationLandscapeLeft UIInterfaceOrientationLandscapeRight";
				INFOPLIST_KEY_UISupportedInterfaceOrientations_iPhone = "UIInterfaceOrientationPortrait UIInterfaceOrientationLandscapeLeft UIInterfaceOrientationLandscapeRight";
				IPHONEOS_DEPLOYMENT_TARGET = 17.0;
				LD_RUNPATH_SEARCH_PATHS = "@executable_path/Frameworks";
				"LD_RUNPATH_SEARCH_PATHS[sdk=macosx*]" = "@executable_path/../Frameworks";
				MACOSX_DEPLOYMENT_TARGET = 13.5;
				MARKETING_VERSION = 1.0;
				PRODUCT_BUNDLE_IDENTIFIER = com.marfodub.myles;
				PRODUCT_NAME = "$(TARGET_NAME)";
				SDKROOT = auto;
				SUPPORTED_PLATFORMS = "iphoneos iphonesimulator macosx";
				SWIFT_EMIT_LOC_STRINGS = YES;
				SWIFT_VERSION = 5.0;
				TARGETED_DEVICE_FAMILY = "1,2";
			};
			name = Release;
		};
/* End XCBuildConfiguration section */

/* Begin XCConfigurationList section */
		AF6E46432B23A6F4002915DC /* Build configuration list for PBXProject "myles" */ = {
			isa = XCConfigurationList;
			buildConfigurations = (
				AF6E46552B23A6F5002915DC /* Debug */,
				AF6E46562B23A6F5002915DC /* Release */,
			);
			defaultConfigurationIsVisible = 0;
			defaultConfigurationName = Release;
		};
		AF6E46572B23A6F5002915DC /* Build configuration list for PBXNativeTarget "myles" */ = {
			isa = XCConfigurationList;
			buildConfigurations = (
				AF6E46582B23A6F5002915DC /* Debug */,
				AF6E46592B23A6F5002915DC /* Release */,
			);
			defaultConfigurationIsVisible = 0;
			defaultConfigurationName = Release;
		};
/* End XCConfigurationList section */
	};
	rootObject = AF6E46402B23A6F4002915DC /* Project object */;
}
